
Microsoft Visual Studio Solution File, Format Version 12.00
# Visual Studio Version 17
VisualStudioVersion = 17.5.33502.453
MinimumVisualStudioVersion = 10.0.40219.1
Project("{FAE04EC0-301F-11D3-BF4B-00C04F79EFBC}") = "arfan", "arfan\arfan.csproj", "{B14C6CA6-CD0D-43CF-A8CE-40787C59E193}"
EndProject
Global
	GlobalSection(SolutionConfigurationPlatforms) = preSolution
		Debug|Any CPU = Debug|Any CPU
		Release|Any CPU = Release|Any CPU
	EndGlobalSection
	GlobalSection(ProjectConfigurationPlatforms) = postSolution
		{B14C6CA6-CD0D-43CF-A8CE-40787C59E193}.Debug|Any CPU.ActiveCfg = Debug|Any CPU
		{B14C6CA6-CD0D-43CF-A8CE-40787C59E193}.Debug|Any CPU.Build.0 = Debug|Any CPU
		{B14C6CA6-CD0D-43CF-A8CE-40787C59E193}.Release|Any CPU.ActiveCfg = Release|Any CPU
		{B14C6CA6-CD0D-43CF-A8CE-40787C59E193}.Release|Any CPU.Build.0 = Release|Any CPU
	EndGlobalSection
	GlobalSection(SolutionProperties) = preSolution
		HideSolutionNode = FALSE
	EndGlobalSection
	GlobalSection(ExtensibilityGlobals) = postSolution
		SolutionGuid = {14C36BC6-C1F3-4CE0-BC9B-043A7D38F453}
	EndGlobalSection
EndGlobal
